// !$*UTF8*$!
{
	archiveVersion = 1;
	classes = {
	};
	objectVersion = 46;
	objects = {

/* Begin PBXBuildFile section */
		42AEB4951D00E22700582892 /* AppDelegate.swift in Sources */ = {isa = PBXBuildFile; fileRef = 42AEB4941D00E22700582892 /* AppDelegate.swift */; };
		42AEB4971D00E22700582892 /* ViewController.swift in Sources */ = {isa = PBXBuildFile; fileRef = 42AEB4961D00E22700582892 /* ViewController.swift */; };
		42AEB49A1D00E22700582892 /* Main.storyboard in Resources */ = {isa = PBXBuildFile; fileRef = 42AEB4981D00E22700582892 /* Main.storyboard */; };
		42AEB49C1D00E22700582892 /* Assets.xcassets in Resources */ = {isa = PBXBuildFile; fileRef = 42AEB49B1D00E22700582892 /* Assets.xcassets */; };
		42AEB49F1D00E22700582892 /* LaunchScreen.storyboard in Resources */ = {isa = PBXBuildFile; fileRef = 42AEB49D1D00E22700582892 /* LaunchScreen.storyboard */; };
/* End PBXBuildFile section */

/* Begin PBXFileReference section */
		42AEB4911D00E22700582892 /* orlando-tree-orders.app */ = {isa = PBXFileReference; explicitFileType = wrapper.application; includeInIndex = 0; path = "orlando-tree-orders.app"; sourceTree = BUILT_PRODUCTS_DIR; };
		42AEB4941D00E22700582892 /* AppDelegate.swift */ = {isa = PBXFileReference; lastKnownFileType = sourcecode.swift; path = AppDelegate.swift; sourceTree = "<group>"; };
		42AEB4961D00E22700582892 /* ViewController.swift */ = {isa = PBXFileReference; lastKnownFileType = sourcecode.swift; path = ViewController.swift; sourceTree = "<group>"; };
		42AEB4991D00E22700582892 /* Base */ = {isa = PBXFileReference; lastKnownFileType = file.storyboard; name = Base; path = Base.lproj/Main.storyboard; sourceTree = "<group>"; };
		42AEB49B1D00E22700582892 /* Assets.xcassets */ = {isa = PBXFileReference; lastKnownFileType = folder.assetcatalog; path = Assets.xcassets; sourceTree = "<group>"; };
		42AEB49E1D00E22700582892 /* Base */ = {isa = PBXFileReference; lastKnownFileType = file.storyboard; name = Base; path = Base.lproj/LaunchScreen.storyboard; sourceTree = "<group>"; };
		42AEB4A01D00E22700582892 /* Info.plist */ = {isa = PBXFileReference; lastKnownFileType = text.plist.xml; path = Info.plist; sourceTree = "<group>"; };
/* End PBXFileReference section */

/* Begin PBXFrameworksBuildPhase section */
		42AEB48E1D00E22700582892 /* Frameworks */ = {
			isa = PBXFrameworksBuildPhase;
			buildActionMask = 2147483647;
			files = (
			);
			runOnlyForDeploymentPostprocessing = 0;
		};
/* End PBXFrameworksBuildPhase section */

/* Begin PBXGroup section */
		42AEB4881D00E22700582892 = {
			isa = PBXGroup;
			children = (
				42AEB4931D00E22700582892 /* orlando-tree-orders */,
				42AEB4921D00E22700582892 /* Products */,
			);
			sourceTree = "<group>";
		};
		42AEB4921D00E22700582892 /* Products */ = {
			isa = PBXGroup;
			children = (
				42AEB4911D00E22700582892 /* orlando-tree-orders.app */,
			);
			name = Products;
			sourceTree = "<group>";
		};
		42AEB4931D00E22700582892 /* orlando-tree-orders */ = {
			isa = PBXGroup;
			children = (
				42AEB4941D00E22700582892 /* AppDelegate.swift */,
				42AEB4961D00E22700582892 /* ViewController.swift */,
				42AEB4981D00E22700582892 /* Main.storyboard */,
				42AEB49B1D00E22700582892 /* Assets.xcassets */,
				42AEB49D1D00E22700582892 /* LaunchScreen.storyboard */,
				42AEB4A01D00E22700582892 /* Info.plist */,
			);
			path = "orlando-tree-orders";
			sourceTree = "<group>";
		};
/* End PBXGroup section */

/* Begin PBXNativeTarget section */
		42AEB4901D00E22700582892 /* orlando-tree-orders */ = {
			isa = PBXNativeTarget;
			buildConfigurationList = 42AEB4A31D00E22700582892 /* Build configuration list for PBXNativeTarget "orlando-tree-orders" */;
			buildPhases = (
				42AEB48D1D00E22700582892 /* Sources */,
				42AEB48E1D00E22700582892 /* Frameworks */,
				42AEB48F1D00E22700582892 /* Resources */,
			);
			buildRules = (
			);
			dependencies = (
			);
			name = "orlando-tree-orders";
			productName = "orlando-tree-orders";
			productReference = 42AEB4911D00E22700582892 /* orlando-tree-orders.app */;
			productType = "com.apple.product-type.application";
		};
/* End PBXNativeTarget section */

/* Begin PBXProject section */
		42AEB4891D00E22700582892 /* Project object */ = {
			isa = PBXProject;
			attributes = {
				LastSwiftUpdateCheck = 0730;
				LastUpgradeCheck = 0730;
				ORGANIZATIONNAME = "Code for Orlando";
				TargetAttributes = {
					42AEB4901D00E22700582892 = {
						CreatedOnToolsVersion = 7.3.1;
					};
				};
			};
			buildConfigurationList = 42AEB48C1D00E22700582892 /* Build configuration list for PBXProject "orlando-tree-orders" */;
			compatibilityVersion = "Xcode 3.2";
			developmentRegion = English;
			hasScannedForEncodings = 0;
			knownRegions = (
				en,
				Base,
			);
			mainGroup = 42AEB4881D00E22700582892;
			productRefGroup = 42AEB4921D00E22700582892 /* Products */;
			projectDirPath = "";
			projectRoot = "";
			targets = (
				42AEB4901D00E22700582892 /* orlando-tree-orders */,
			);
		};
/* End PBXProject section */

/* Begin PBXResourcesBuildPhase section */
		42AEB48F1D00E22700582892 /* Resources */ = {
			isa = PBXResourcesBuildPhase;
			buildActionMask = 2147483647;
			files = (
				42AEB49F1D00E22700582892 /* LaunchScreen.storyboard in Resources */,
				42AEB49C1D00E22700582892 /* Assets.xcassets in Resources */,
				42AEB49A1D00E22700582892 /* Main.storyboard in Resources */,
			);
			runOnlyForDeploymentPostprocessing = 0;
		};
/* End PBXResourcesBuildPhase section */

/* Begin PBXSourcesBuildPhase section */
		42AEB48D1D00E22700582892 /* Sources */ = {
			isa = PBXSourcesBuildPhase;
			buildActionMask = 2147483647;
			files = (
				42AEB4971D00E22700582892 /* ViewController.swift in Sources */,
				42AEB4951D00E22700582892 /* AppDelegate.swift in Sources */,
			);
			runOnlyForDeploymentPostprocessing = 0;
		};
/* End PBXSourcesBuildPhase section */

/* Begin PBXVariantGroup section */
		42AEB4981D00E22700582892 /* Main.storyboard */ = {
			isa = PBXVariantGroup;
			children = (
				42AEB4991D00E22700582892 /* Base */,
			);
			name = Main.storyboard;
			sourceTree = "<group>";
		};
		42AEB49D1D00E22700582892 /* LaunchScreen.storyboard */ = {
			isa = PBXVariantGroup;
			children = (
				42AEB49E1D00E22700582892 /* Base */,
			);
			name = LaunchScreen.storyboard;
			sourceTree = "<group>";
		};
/* End PBXVariantGroup section */

/* Begin XCBuildConfiguration section */
		42AEB4A11D00E22700582892 /* Debug */ = {
			isa = XCBuildConfiguration;
			buildSettings = {
				ALWAYS_SEARCH_USER_PATHS = NO;
				CLANG_ANALYZER_NONNULL = YES;
				CLANG_CXX_LANGUAGE_STANDARD = "gnu++0x";
				CLANG_CXX_LIBRARY = "libc++";
				CLANG_ENABLE_MODULES = YES;
				CLANG_ENABLE_OBJC_ARC = YES;
				CLANG_WARN_BOOL_CONVERSION = YES;
				CLANG_WARN_CONSTANT_CONVERSION = YES;
				CLANG_WARN_DIRECT_OBJC_ISA_USAGE = YES_ERROR;
				CLANG_WARN_EMPTY_BODY = YES;
				CLANG_WARN_ENUM_CONVERSION = YES;
				CLANG_WARN_INT_CONVERSION = YES;
				CLANG_WARN_OBJC_ROOT_CLASS = YES_ERROR;
				CLANG_WARN_UNREACHABLE_CODE = YES;
				CLANG_WARN__DUPLICATE_METHOD_MATCH = YES;
				"CODE_SIGN_IDENTITY[sdk=iphoneos*]" = "iPhone Developer";
				COPY_PHASE_STRIP = NO;
				DEBUG_INFORMATION_FORMAT = dwarf;
				ENABLE_STRICT_OBJC_MSGSEND = YES;
				ENABLE_TESTABILITY = YES;
				GCC_C_LANGUAGE_STANDARD = gnu99;
				GCC_DYNAMIC_NO_PIC = NO;
				GCC_NO_COMMON_BLOCKS = YES;
				GCC_OPTIMIZATION_LEVEL = 0;
				GCC_PREPROCESSOR_DEFINITIONS = (
					"DEBUG=1",
					"$(inherited)",
				);
				GCC_WARN_64_TO_32_BIT_CONVERSION = YES;
				GCC_WARN_ABOUT_RETURN_TYPE = YES_ERROR;
				GCC_WARN_UNDECLARED_SELECTOR = YES;
				GCC_WARN_UNINITIALIZED_AUTOS = YES_AGGRESSIVE;
				GCC_WARN_UNUSED_FUNCTION = YES;
				GCC_WARN_UNUSED_VARIABLE = YES;
				IPHONEOS_DEPLOYMENT_TARGET = 9.3;
				MTL_ENABLE_DEBUG_INFO = YES;
				ONLY_ACTIVE_ARCH = YES;
				SDKROOT = iphoneos;
				SWIFT_OPTIMIZATION_LEVEL = "-Onone";
				TARGETED_DEVICE_FAMILY = "1,2";
			};
			name = Debug;
		};
		42AEB4A21D00E22700582892 /* Release */ = {
			isa = XCBuildConfiguration;
			buildSettings = {
				ALWAYS_SEARCH_USER_PATHS = NO;
				CLANG_ANALYZER_NONNULL = YES;
				CLANG_CXX_LANGUAGE_STANDARD = "gnu++0x";
				CLANG_CXX_LIBRARY = "libc++";
				CLANG_ENABLE_MODULES = YES;
				CLANG_ENABLE_OBJC_ARC = YES;
				CLANG_WARN_BOOL_CONVERSION = YES;
				CLANG_WARN_CONSTANT_CONVERSION = YES;
				CLANG_WARN_DIRECT_OBJC_ISA_USAGE = YES_ERROR;
				CLANG_WARN_EMPTY_BODY = YES;
				CLANG_WARN_ENUM_CONVERSION = YES;
				CLANG_WARN_INT_CONVERSION = YES;
				CLANG_WARN_OBJC_ROOT_CLASS = YES_ERROR;
				CLANG_WARN_UNREACHABLE_CODE = YES;
				CLANG_WARN__DUPLICATE_METHOD_MATCH = YES;
				"CODE_SIGN_IDENTITY[sdk=iphoneos*]" = "iPhone Developer";
				COPY_PHASE_STRIP = NO;
				DEBUG_INFORMATION_FORMAT = "dwarf-with-dsym";
				ENABLE_NS_ASSERTIONS = NO;
				ENABLE_STRICT_OBJC_MSGSEND = YES;
				GCC_C_LANGUAGE_STANDARD = gnu99;
				GCC_NO_COMMON_BLOCKS = YES;
				GCC_WARN_64_TO_32_BIT_CONVERSION = YES;
				GCC_WARN_ABOUT_RETURN_TYPE = YES_ERROR;
				GCC_WARN_UNDECLARED_SELECTOR = YES;
				GCC_WARN_UNINITIALIZED_AUTOS = YES_AGGRESSIVE;
				GCC_WARN_UNUSED_FUNCTION = YES;
				GCC_WARN_UNUSED_VARIABLE = YES;
				IPHONEOS_DEPLOYMENT_TARGET = 9.3;
				MTL_ENABLE_DEBUG_INFO = NO;
				SDKROOT = iphoneos;
				TARGETED_DEVICE_FAMILY = "1,2";
				VALIDATE_PRODUCT = YES;
			};
			name = Release;
		};
		42AEB4A41D00E22700582892 /* Debug */ = {
			isa = XCBuildConfiguration;
			buildSettings = {
				ASSETCATALOG_COMPILER_APPICON_NAME = AppIcon;
				INFOPLIST_FILE = "orlando-tree-orders/Info.plist";
				LD_RUNPATH_SEARCH_PATHS = "$(inherited) @executable_path/Frameworks";
				PRODUCT_BUNDLE_IDENTIFIER = "com.codefororlando.orlando-tree-orders";
				PRODUCT_NAME = "$(TARGET_NAME)";
			};
			name = Debug;
		};
		42AEB4A51D00E22700582892 /* Release */ = {
			isa = XCBuildConfiguration;
			buildSettings = {
				ASSETCATALOG_COMPILER_APPICON_NAME = AppIcon;
				INFOPLIST_FILE = "orlando-tree-orders/Info.plist";
				LD_RUNPATH_SEARCH_PATHS = "$(inherited) @executable_path/Frameworks";
				PRODUCT_BUNDLE_IDENTIFIER = "com.codefororlando.orlando-tree-orders";
				PRODUCT_NAME = "$(TARGET_NAME)";
			};
			name = Release;
		};
/* End XCBuildConfiguration section */

/* Begin XCConfigurationList section */
		42AEB48C1D00E22700582892 /* Build configuration list for PBXProject "orlando-tree-orders" */ = {
			isa = XCConfigurationList;
			buildConfigurations = (
				42AEB4A11D00E22700582892 /* Debug */,
				42AEB4A21D00E22700582892 /* Release */,
			);
			defaultConfigurationIsVisible = 0;
			defaultConfigurationName = Release;
		};
		42AEB4A31D00E22700582892 /* Build configuration list for PBXNativeTarget "orlando-tree-orders" */ = {
			isa = XCConfigurationList;
			buildConfigurations = (
				42AEB4A41D00E22700582892 /* Debug */,
				42AEB4A51D00E22700582892 /* Release */,
			);
			defaultConfigurationIsVisible = 0;
		};
/* End XCConfigurationList section */
	};
	rootObject = 42AEB4891D00E22700582892 /* Project object */;
}
